
Microsoft Visual Studio Solution File, Format Version 12.00
# Visual Studio Version 16
VisualStudioVersion = 16.0.31515.178
MinimumVisualStudioVersion = 10.0.40219.1
Project("{FAE04EC0-301F-11D3-BF4B-00C04F79EFBC}") = "SteeringWheel", "SteeringWheel.csproj", "{03532A25-9DCF-4306-9D83-B9A9873D49F2}"
EndProject
Global
	GlobalSection(SolutionConfigurationPlatforms) = preSolution
		Debug|Any CPU = Debug|Any CPU
		Release|Any CPU = Release|Any CPU
	EndGlobalSection
	GlobalSection(ProjectConfigurationPlatforms) = postSolution
		{03532A25-9DCF-4306-9D83-B9A9873D49F2}.Debug|Any CPU.ActiveCfg = Debug|Any CPU
		{03532A25-9DCF-4306-9D83-B9A9873D49F2}.Debug|Any CPU.Build.0 = Debug|Any CPU
		{03532A25-9DCF-4306-9D83-B9A9873D49F2}.Release|Any CPU.ActiveCfg = Release|Any CPU
		{03532A25-9DCF-4306-9D83-B9A9873D49F2}.Release|Any CPU.Build.0 = Release|Any CPU
	EndGlobalSection
	GlobalSection(SolutionProperties) = preSolution
		HideSolutionNode = FALSE
	EndGlobalSection
	GlobalSection(ExtensibilityGlobals) = postSolution
		SolutionGuid = {8CF25EBC-04AD-4E4E-BD30-E6ECA23BCD55}
	EndGlobalSection
EndGlobal
