
Microsoft Visual Studio Solution File, Format Version 12.00
# Visual Studio Version 16
VisualStudioVersion = 16.0.29519.87
MinimumVisualStudioVersion = 10.0.40219.1
Project("{FAE04EC0-301F-11D3-BF4B-00C04F79EFBC}") = "SteeringWheel", "SteeringWheel.csproj", "{F6F55BAD-DA40-4C94-A0AB-7B62E6475622}"
EndProject
Global
	GlobalSection(SolutionConfigurationPlatforms) = preSolution
		Debug|Any CPU = Debug|Any CPU
		Release|Any CPU = Release|Any CPU
	EndGlobalSection
	GlobalSection(ProjectConfigurationPlatforms) = postSolution
		{F6F55BAD-DA40-4C94-A0AB-7B62E6475622}.Debug|Any CPU.ActiveCfg = Debug|Any CPU
		{F6F55BAD-DA40-4C94-A0AB-7B62E6475622}.Debug|Any CPU.Build.0 = Debug|Any CPU
		{F6F55BAD-DA40-4C94-A0AB-7B62E6475622}.Release|Any CPU.ActiveCfg = Release|Any CPU
		{F6F55BAD-DA40-4C94-A0AB-7B62E6475622}.Release|Any CPU.Build.0 = Release|Any CPU
	EndGlobalSection
	GlobalSection(SolutionProperties) = preSolution
		HideSolutionNode = FALSE
	EndGlobalSection
	GlobalSection(ExtensibilityGlobals) = postSolution
		SolutionGuid = {7E7B9049-DA1D-4B21-8F36-7EDECD45DAE3}
	EndGlobalSection
EndGlobal
